<?xml version="1.0" encoding="utf-8"?>
<Project ToolsVersion="4.0" xmlns="http://schemas.microsoft.com/developer/msbuild/2003">
  <ItemGroup>
    <Filter Include="Header Files">
      <UniqueIdentifier>{3800875a-76ca-4dfb-9363-04e09c57d37b}</UniqueIdentifier>
    </Filter>
    <Filter Include="Source Files">
      <UniqueIdentifier>{ff859795-a28a-410b-b180-ddbcd5e67416}</UniqueIdentifier>
    </Filter>
    <Filter Include="Berkeley DB 4.7.25 Source Files">
      <UniqueIdentifier>{3bc5d2d6-a51b-4b96-a79b-fbfff9a6242a}</UniqueIdentifier>
    </Filter>
  </ItemGroup>
  <ItemGroup>
    <ClInclude Include="..\..\Modules\bsddb.h">
      <Filter>Header Files</Filter>
    </ClInclude>
  </ItemGroup>
  <ItemGroup>
    <ClCompile Include="..\..\Modules\_bsddb.c">
      <Filter>Source Files</Filter>
    </ClCompile>
  </ItemGroup>
</Project>