<?xml version="1.0" encoding="utf-8"?>
<Project ToolsVersion="4.0" xmlns="http://schemas.microsoft.com/developer/msbuild/2003">
  <ItemGroup>
    <Filter Include="Source Files">
      <UniqueIdentifier>{2979532b-b85a-4b41-8c95-013c96edd3fa}</UniqueIdentifier>
    </Filter>
  </ItemGroup>
  <ItemGroup>
    <ClCompile Include="..\..\Modules\_ssl.c">
      <Filter>Source Files</Filter>
    </ClCompile>
  </ItemGroup>
</Project>