<?xml version="1.0" encoding="utf-8"?>
<Project ToolsVersion="4.0" xmlns="http://schemas.microsoft.com/developer/msbuild/2003">
  <ItemGroup>
    <Filter Include="Source Files">
      <UniqueIdentifier>{cbe5ee74-a6c7-48fd-b628-aa802aaaed36}</UniqueIdentifier>
      <Extensions>cpp;c;cxx;rc;def;r;odl;idl;hpj;bat</Extensions>
    </Filter>
    <Filter Include="Source Files\zlib">
      <UniqueIdentifier>{0f4d3edb-4262-49f3-8ad3-fb357061bb6b}</UniqueIdentifier>
    </Filter>
    <Filter Include="Header Files">
      <UniqueIdentifier>{ad77aed1-2edf-4e91-a06b-d5c71a75467f}</UniqueIdentifier>
      <Extensions>h;hpp;hxx;hm;inl</Extensions>
    </Filter>
    <Filter Include="Resource Files">
      <UniqueIdentifier>{8eb818e9-7aca-4e4b-ae84-6c70fa1e3442}</UniqueIdentifier>
      <Extensions>ico;cur;bmp;dlg;rc2;rct;bin;rgs;gif;jpg;jpeg;jpe</Extensions>
    </Filter>
  </ItemGroup>
  <ItemGroup>
    <ClCompile Include="..\bdist_wininst\extract.c">
      <Filter>Source Files</Filter>
    </ClCompile>
    <ClCompile Include="..\bdist_wininst\install.c">
      <Filter>Source Files</Filter>
    </ClCompile>
    <ClCompile Include="..\..\Modules\zlib\adler32.c">
      <Filter>Source Files\zlib</Filter>
    </ClCompile>
    <ClCompile Include="..\..\Modules\zlib\crc32.c">
      <Filter>Source Files\zlib</Filter>
    </ClCompile>
    <ClCompile Include="..\..\Modules\zlib\inffast.c">
      <Filter>Source Files\zlib</Filter>
    </ClCompile>
    <ClCompile Include="..\..\Modules\zlib\inflate.c">
      <Filter>Source Files\zlib</Filter>
    </ClCompile>
    <ClCompile Include="..\..\Modules\zlib\inftrees.c">
      <Filter>Source Files\zlib</Filter>
    </ClCompile>
    <ClCompile Include="..\..\Modules\zlib\zutil.c">
      <Filter>Source Files\zlib</Filter>
    </ClCompile>
  </ItemGroup>
  <ItemGroup>
    <ClInclude Include="..\bdist_wininst\archive.h">
      <Filter>Header Files</Filter>
    </ClInclude>
  </ItemGroup>
  <ItemGroup>
    <ResourceCompile Include="..\bdist_wininst\install.rc">
      <Filter>Resource Files</Filter>
    </ResourceCompile>
  </ItemGroup>
  <ItemGroup>
    <None Include="..\bdist_wininst\PythonPowered.bmp">
      <Filter>Resource Files</Filter>
    </None>
  </ItemGroup>
</Project>